// !$*UTF8*$!
{
	archiveVersion = 1;
	classes = {
	};
	objectVersion = 56;
	objects = {

/* Begin PBXBuildFile section */
		EFA6481029DE0EED00A0B451 /* ConvertAgoraAudioToAVAudioAssetWriterFormatApp.swift in Sources */ = {isa = PBXBuildFile; fileRef = EFA6480F29DE0EED00A0B451 /* ConvertAgoraAudioToAVAudioAssetWriterFormatApp.swift */; };
		EFA6481229DE0EED00A0B451 /* ContentView.swift in Sources */ = {isa = PBXBuildFile; fileRef = EFA6481129DE0EED00A0B451 /* ContentView.swift */; };
		EFA6481429DE0EEE00A0B451 /* Assets.xcassets in Resources */ = {isa = PBXBuildFile; fileRef = EFA6481329DE0EEE00A0B451 /* Assets.xcassets */; };
		EFA6481729DE0EEE00A0B451 /* Preview Assets.xcassets in Resources */ = {isa = PBXBuildFile; fileRef = EFA6481629DE0EEE00A0B451 /* Preview Assets.xcassets */; };
		EFA6481F29DE0FA400A0B451 /* RtcBasic in Frameworks */ = {isa = PBXBuildFile; productRef = EFA6481E29DE0FA400A0B451 /* RtcBasic */; };
		EFA6482129DE0FA400A0B451 /* SpatialAudio in Frameworks */ = {isa = PBXBuildFile; productRef = EFA6482029DE0FA400A0B451 /* SpatialAudio */; };
		EFA6482329DE0FB300A0B451 /* RTCManager.swift in Sources */ = {isa = PBXBuildFile; fileRef = EFA6482229DE0FB300A0B451 /* RTCManager.swift */; };
		EFA6482529DE105B00A0B451 /* Config.swift in Sources */ = {isa = PBXBuildFile; fileRef = EFA6482429DE105B00A0B451 /* Config.swift */; };
		EFA6482729DE112200A0B451 /* AssetWriter.swift in Sources */ = {isa = PBXBuildFile; fileRef = EFA6482629DE112200A0B451 /* AssetWriter.swift */; };
/* End PBXBuildFile section */

/* Begin PBXFileReference section */
		EFA6480C29DE0EED00A0B451 /* ConvertAgoraAudioToAVAudioAssetWriterFormat.app */ = {isa = PBXFileReference; explicitFileType = wrapper.application; includeInIndex = 0; path = ConvertAgoraAudioToAVAudioAssetWriterFormat.app; sourceTree = BUILT_PRODUCTS_DIR; };
		EFA6480F29DE0EED00A0B451 /* ConvertAgoraAudioToAVAudioAssetWriterFormatApp.swift */ = {isa = PBXFileReference; lastKnownFileType = sourcecode.swift; path = ConvertAgoraAudioToAVAudioAssetWriterFormatApp.swift; sourceTree = "<group>"; };
		EFA6481129DE0EED00A0B451 /* ContentView.swift */ = {isa = PBXFileReference; lastKnownFileType = sourcecode.swift; path = ContentView.swift; sourceTree = "<group>"; };
		EFA6481329DE0EEE00A0B451 /* Assets.xcassets */ = {isa = PBXFileReference; lastKnownFileType = folder.assetcatalog; path = Assets.xcassets; sourceTree = "<group>"; };
		EFA6481629DE0EEE00A0B451 /* Preview Assets.xcassets */ = {isa = PBXFileReference; lastKnownFileType = folder.assetcatalog; path = "Preview Assets.xcassets"; sourceTree = "<group>"; };
		EFA6482229DE0FB300A0B451 /* RTCManager.swift */ = {isa = PBXFileReference; lastKnownFileType = sourcecode.swift; path = RTCManager.swift; sourceTree = "<group>"; };
		EFA6482429DE105B00A0B451 /* Config.swift */ = {isa = PBXFileReference; lastKnownFileType = sourcecode.swift; path = Config.swift; sourceTree = "<group>"; };
		EFA6482629DE112200A0B451 /* AssetWriter.swift */ = {isa = PBXFileReference; lastKnownFileType = sourcecode.swift; path = AssetWriter.swift; sourceTree = "<group>"; };
		EFA6482829DE113400A0B451 /* Config.xcconfig */ = {isa = PBXFileReference; lastKnownFileType = text.xcconfig; path = Config.xcconfig; sourceTree = "<group>"; };
		EFA6482929DE11CD00A0B451 /* Info.plist */ = {isa = PBXFileReference; lastKnownFileType = text.plist; path = Info.plist; sourceTree = "<group>"; };
/* End PBXFileReference section */

/* Begin PBXFrameworksBuildPhase section */
		EFA6480929DE0EEC00A0B451 /* Frameworks */ = {
			isa = PBXFrameworksBuildPhase;
			buildActionMask = 2147483647;
			files = (
				EFA6482129DE0FA400A0B451 /* SpatialAudio in Frameworks */,
				EFA6481F29DE0FA400A0B451 /* RtcBasic in Frameworks */,
			);
			runOnlyForDeploymentPostprocessing = 0;
		};
/* End PBXFrameworksBuildPhase section */

/* Begin PBXGroup section */
		EFA6480329DE0EEC00A0B451 = {
			isa = PBXGroup;
			children = (
				EFA6480E29DE0EED00A0B451 /* ConvertAgoraAudioToAVAudioAssetWriterFormat */,
				EFA6480D29DE0EED00A0B451 /* Products */,
			);
			sourceTree = "<group>";
		};
		EFA6480D29DE0EED00A0B451 /* Products */ = {
			isa = PBXGroup;
			children = (
				EFA6480C29DE0EED00A0B451 /* ConvertAgoraAudioToAVAudioAssetWriterFormat.app */,
			);
			name = Products;
			sourceTree = "<group>";
		};
		EFA6480E29DE0EED00A0B451 /* ConvertAgoraAudioToAVAudioAssetWriterFormat */ = {
			isa = PBXGroup;
			children = (
				EFA6482929DE11CD00A0B451 /* Info.plist */,
				EFA6480F29DE0EED00A0B451 /* ConvertAgoraAudioToAVAudioAssetWriterFormatApp.swift */,
				EFA6481129DE0EED00A0B451 /* ContentView.swift */,
				EFA6481329DE0EEE00A0B451 /* Assets.xcassets */,
				EFA6481529DE0EEE00A0B451 /* Preview Content */,
				EFA6482229DE0FB300A0B451 /* RTCManager.swift */,
				EFA6482429DE105B00A0B451 /* Config.swift */,
				EFA6482629DE112200A0B451 /* AssetWriter.swift */,
				EFA6482829DE113400A0B451 /* Config.xcconfig */,
			);
			path = ConvertAgoraAudioToAVAudioAssetWriterFormat;
			sourceTree = "<group>";
		};
		EFA6481529DE0EEE00A0B451 /* Preview Content */ = {
			isa = PBXGroup;
			children = (
				EFA6481629DE0EEE00A0B451 /* Preview Assets.xcassets */,
			);
			path = "Preview Content";
			sourceTree = "<group>";
		};
/* End PBXGroup section */

/* Begin PBXNativeTarget section */
		EFA6480B29DE0EEC00A0B451 /* ConvertAgoraAudioToAVAudioAssetWriterFormat */ = {
			isa = PBXNativeTarget;
			buildConfigurationList = EFA6481A29DE0EEE00A0B451 /* Build configuration list for PBXNativeTarget "ConvertAgoraAudioToAVAudioAssetWriterFormat" */;
			buildPhases = (
				EFA6480829DE0EEC00A0B451 /* Sources */,
				EFA6480929DE0EEC00A0B451 /* Frameworks */,
				EFA6480A29DE0EEC00A0B451 /* Resources */,
			);
			buildRules = (
			);
			dependencies = (
			);
			name = ConvertAgoraAudioToAVAudioAssetWriterFormat;
			packageProductDependencies = (
				EFA6481E29DE0FA400A0B451 /* RtcBasic */,
				EFA6482029DE0FA400A0B451 /* SpatialAudio */,
			);
			productName = ConvertAgoraAudioToAVAudioAssetWriterFormat;
			productReference = EFA6480C29DE0EED00A0B451 /* ConvertAgoraAudioToAVAudioAssetWriterFormat.app */;
			productType = "com.apple.product-type.application";
		};
/* End PBXNativeTarget section */

/* Begin PBXProject section */
		EFA6480429DE0EEC00A0B451 /* Project object */ = {
			isa = PBXProject;
			attributes = {
				BuildIndependentTargetsInParallel = 1;
				LastSwiftUpdateCheck = 1420;
				LastUpgradeCheck = 1420;
				TargetAttributes = {
					EFA6480B29DE0EEC00A0B451 = {
						CreatedOnToolsVersion = 14.2;
					};
				};
			};
			buildConfigurationList = EFA6480729DE0EEC00A0B451 /* Build configuration list for PBXProject "ConvertAgoraAudioToAVAudioAssetWriterFormat" */;
			compatibilityVersion = "Xcode 14.0";
			developmentRegion = en;
			hasScannedForEncodings = 0;
			knownRegions = (
				en,
				Base,
			);
			mainGroup = EFA6480329DE0EEC00A0B451;
			packageReferences = (
				EFA6481D29DE0FA400A0B451 /* XCRemoteSwiftPackageReference "AgoraRtcEngine_iOS" */,
			);
			productRefGroup = EFA6480D29DE0EED00A0B451 /* Products */;
			projectDirPath = "";
			projectRoot = "";
			targets = (
				EFA6480B29DE0EEC00A0B451 /* ConvertAgoraAudioToAVAudioAssetWriterFormat */,
			);
		};
/* End PBXProject section */

/* Begin PBXResourcesBuildPhase section */
		EFA6480A29DE0EEC00A0B451 /* Resources */ = {
			isa = PBXResourcesBuildPhase;
			buildActionMask = 2147483647;
			files = (
				EFA6481729DE0EEE00A0B451 /* Preview Assets.xcassets in Resources */,
				EFA6481429DE0EEE00A0B451 /* Assets.xcassets in Resources */,
			);
			runOnlyForDeploymentPostprocessing = 0;
		};
/* End PBXResourcesBuildPhase section */

/* Begin PBXSourcesBuildPhase section */
		EFA6480829DE0EEC00A0B451 /* Sources */ = {
			isa = PBXSourcesBuildPhase;
			buildActionMask = 2147483647;
			files = (
				EFA6482729DE112200A0B451 /* AssetWriter.swift in Sources */,
				EFA6481229DE0EED00A0B451 /* ContentView.swift in Sources */,
				EFA6482529DE105B00A0B451 /* Config.swift in Sources */,
				EFA6482329DE0FB300A0B451 /* RTCManager.swift in Sources */,
				EFA6481029DE0EED00A0B451 /* ConvertAgoraAudioToAVAudioAssetWriterFormatApp.swift in Sources */,
			);
			runOnlyForDeploymentPostprocessing = 0;
		};
/* End PBXSourcesBuildPhase section */

/* Begin XCBuildConfiguration section */
		EFA6481829DE0EEE00A0B451 /* Debug */ = {
			isa = XCBuildConfiguration;
			baseConfigurationReference = EFA6482829DE113400A0B451 /* Config.xcconfig */;
			buildSettings = {
				ALWAYS_SEARCH_USER_PATHS = NO;
				CLANG_ANALYZER_NONNULL = YES;
				CLANG_ANALYZER_NUMBER_OBJECT_CONVERSION = YES_AGGRESSIVE;
				CLANG_CXX_LANGUAGE_STANDARD = "gnu++20";
				CLANG_ENABLE_MODULES = YES;
				CLANG_ENABLE_OBJC_ARC = YES;
				CLANG_ENABLE_OBJC_WEAK = YES;
				CLANG_WARN_BLOCK_CAPTURE_AUTORELEASING = YES;
				CLANG_WARN_BOOL_CONVERSION = YES;
				CLANG_WARN_COMMA = YES;
				CLANG_WARN_CONSTANT_CONVERSION = YES;
				CLANG_WARN_DEPRECATED_OBJC_IMPLEMENTATIONS = YES;
				CLANG_WARN_DIRECT_OBJC_ISA_USAGE = YES_ERROR;
				CLANG_WARN_DOCUMENTATION_COMMENTS = YES;
				CLANG_WARN_EMPTY_BODY = YES;
				CLANG_WARN_ENUM_CONVERSION = YES;
				CLANG_WARN_INFINITE_RECURSION = YES;
				CLANG_WARN_INT_CONVERSION = YES;
				CLANG_WARN_NON_LITERAL_NULL_CONVERSION = YES;
				CLANG_WARN_OBJC_IMPLICIT_RETAIN_SELF = YES;
				CLANG_WARN_OBJC_LITERAL_CONVERSION = YES;
				CLANG_WARN_OBJC_ROOT_CLASS = YES_ERROR;
				CLANG_WARN_QUOTED_INCLUDE_IN_FRAMEWORK_HEADER = YES;
				CLANG_WARN_RANGE_LOOP_ANALYSIS = YES;
				CLANG_WARN_STRICT_PROTOTYPES = YES;
				CLANG_WARN_SUSPICIOUS_MOVE = YES;
				CLANG_WARN_UNGUARDED_AVAILABILITY = YES_AGGRESSIVE;
				CLANG_WARN_UNREACHABLE_CODE = YES;
				CLANG_WARN__DUPLICATE_METHOD_MATCH = YES;
				COPY_PHASE_STRIP = NO;
				DEBUG_INFORMATION_FORMAT = dwarf;
				ENABLE_STRICT_OBJC_MSGSEND = YES;
				ENABLE_TESTABILITY = YES;
				GCC_C_LANGUAGE_STANDARD = gnu11;
				GCC_DYNAMIC_NO_PIC = NO;
				GCC_NO_COMMON_BLOCKS = YES;
				GCC_OPTIMIZATION_LEVEL = 0;
				GCC_PREPROCESSOR_DEFINITIONS = (
					"DEBUG=1",
					"$(inherited)",
				);
				GCC_WARN_64_TO_32_BIT_CONVERSION = YES;
				GCC_WARN_ABOUT_RETURN_TYPE = YES_ERROR;
				GCC_WARN_UNDECLARED_SELECTOR = YES;
				GCC_WARN_UNINITIALIZED_AUTOS = YES_AGGRESSIVE;
				GCC_WARN_UNUSED_FUNCTION = YES;
				GCC_WARN_UNUSED_VARIABLE = YES;
				IPHONEOS_DEPLOYMENT_TARGET = 16.1;
				MTL_ENABLE_DEBUG_INFO = INCLUDE_SOURCE;
				MTL_FAST_MATH = YES;
				ONLY_ACTIVE_ARCH = YES;
				SDKROOT = iphoneos;
				SWIFT_ACTIVE_COMPILATION_CONDITIONS = DEBUG;
				SWIFT_OPTIMIZATION_LEVEL = "-Onone";
			};
			name = Debug;
		};
		EFA6481929DE0EEE00A0B451 /* Release */ = {
			isa = XCBuildConfiguration;
			buildSettings = {
				ALWAYS_SEARCH_USER_PATHS = NO;
				CLANG_ANALYZER_NONNULL = YES;
				CLANG_ANALYZER_NUMBER_OBJECT_CONVERSION = YES_AGGRESSIVE;
				CLANG_CXX_LANGUAGE_STANDARD = "gnu++20";
				CLANG_ENABLE_MODULES = YES;
				CLANG_ENABLE_OBJC_ARC = YES;
				CLANG_ENABLE_OBJC_WEAK = YES;
				CLANG_WARN_BLOCK_CAPTURE_AUTORELEASING = YES;
				CLANG_WARN_BOOL_CONVERSION = YES;
				CLANG_WARN_COMMA = YES;
				CLANG_WARN_CONSTANT_CONVERSION = YES;
				CLANG_WARN_DEPRECATED_OBJC_IMPLEMENTATIONS = YES;
				CLANG_WARN_DIRECT_OBJC_ISA_USAGE = YES_ERROR;
				CLANG_WARN_DOCUMENTATION_COMMENTS = YES;
				CLANG_WARN_EMPTY_BODY = YES;
				CLANG_WARN_ENUM_CONVERSION = YES;
				CLANG_WARN_INFINITE_RECURSION = YES;
				CLANG_WARN_INT_CONVERSION = YES;
				CLANG_WARN_NON_LITERAL_NULL_CONVERSION = YES;
				CLANG_WARN_OBJC_IMPLICIT_RETAIN_SELF = YES;
				CLANG_WARN_OBJC_LITERAL_CONVERSION = YES;
				CLANG_WARN_OBJC_ROOT_CLASS = YES_ERROR;
				CLANG_WARN_QUOTED_INCLUDE_IN_FRAMEWORK_HEADER = YES;
				CLANG_WARN_RANGE_LOOP_ANALYSIS = YES;
				CLANG_WARN_STRICT_PROTOTYPES = YES;
				CLANG_WARN_SUSPICIOUS_MOVE = YES;
				CLANG_WARN_UNGUARDED_AVAILABILITY = YES_AGGRESSIVE;
				CLANG_WARN_UNREACHABLE_CODE = YES;
				CLANG_WARN__DUPLICATE_METHOD_MATCH = YES;
				COPY_PHASE_STRIP = NO;
				DEBUG_INFORMATION_FORMAT = "dwarf-with-dsym";
				ENABLE_NS_ASSERTIONS = NO;
				ENABLE_STRICT_OBJC_MSGSEND = YES;
				GCC_C_LANGUAGE_STANDARD = gnu11;
				GCC_NO_COMMON_BLOCKS = YES;
				GCC_WARN_64_TO_32_BIT_CONVERSION = YES;
				GCC_WARN_ABOUT_RETURN_TYPE = YES_ERROR;
				GCC_WARN_UNDECLARED_SELECTOR = YES;
				GCC_WARN_UNINITIALIZED_AUTOS = YES_AGGRESSIVE;
				GCC_WARN_UNUSED_FUNCTION = YES;
				GCC_WARN_UNUSED_VARIABLE = YES;
				IPHONEOS_DEPLOYMENT_TARGET = 16.1;
				MTL_ENABLE_DEBUG_INFO = NO;
				MTL_FAST_MATH = YES;
				SDKROOT = iphoneos;
				SWIFT_COMPILATION_MODE = wholemodule;
				SWIFT_OPTIMIZATION_LEVEL = "-O";
				VALIDATE_PRODUCT = YES;
			};
			name = Release;
		};
		EFA6481B29DE0EEE00A0B451 /* Debug */ = {
			isa = XCBuildConfiguration;
			baseConfigurationReference = EFA6482829DE113400A0B451 /* Config.xcconfig */;
			buildSettings = {
				ASSETCATALOG_COMPILER_APPICON_NAME = AppIcon;
				ASSETCATALOG_COMPILER_GLOBAL_ACCENT_COLOR_NAME = AccentColor;
				CODE_SIGN_STYLE = Automatic;
				CURRENT_PROJECT_VERSION = 1;
				DEVELOPMENT_ASSET_PATHS = "\"ConvertAgoraAudioToAVAudioAssetWriterFormat/Preview Content\"";
				DEVELOPMENT_TEAM = AZ59WCD7SF;
				ENABLE_PREVIEWS = YES;
				GENERATE_INFOPLIST_FILE = YES;
				INFOPLIST_FILE = ConvertAgoraAudioToAVAudioAssetWriterFormat/Info.plist;
				INFOPLIST_KEY_NSCameraUsageDescription = peep;
				INFOPLIST_KEY_NSMicrophoneUsageDescription = listen;
				INFOPLIST_KEY_UIApplicationSceneManifest_Generation = YES;
				INFOPLIST_KEY_UIApplicationSupportsIndirectInputEvents = YES;
				INFOPLIST_KEY_UILaunchScreen_Generation = YES;
				INFOPLIST_KEY_UISupportedInterfaceOrientations_iPad = "UIInterfaceOrientationPortrait UIInterfaceOrientationPortraitUpsideDown UIInterfaceOrientationLandscapeLeft UIInterfaceOrientationLandscapeRight";
				INFOPLIST_KEY_UISupportedInterfaceOrientations_iPhone = "UIInterfaceOrientationPortrait UIInterfaceOrientationLandscapeLeft UIInterfaceOrientationLandscapeRight";
				LD_RUNPATH_SEARCH_PATHS = (
					"$(inherited)",
					"@executable_path/Frameworks",
				);
				MARKETING_VERSION = 1.0;
				PRODUCT_BUNDLE_IDENTIFIER = com.shauncodes.ConvertAgoraAudioToAVAudioAssetWriterFormat;
				PRODUCT_NAME = "$(TARGET_NAME)";
				SWIFT_EMIT_LOC_STRINGS = YES;
				SWIFT_VERSION = 5.0;
				TARGETED_DEVICE_FAMILY = "1,2";
			};
			name = Debug;
		};
		EFA6481C29DE0EEE00A0B451 /* Release */ = {
			isa = XCBuildConfiguration;
			buildSettings = {
				ASSETCATALOG_COMPILER_APPICON_NAME = AppIcon;
				ASSETCATALOG_COMPILER_GLOBAL_ACCENT_COLOR_NAME = AccentColor;
				CODE_SIGN_STYLE = Automatic;
				CURRENT_PROJECT_VERSION = 1;
				DEVELOPMENT_ASSET_PATHS = "\"ConvertAgoraAudioToAVAudioAssetWriterFormat/Preview Content\"";
				DEVELOPMENT_TEAM = AZ59WCD7SF;
				ENABLE_PREVIEWS = YES;
				GENERATE_INFOPLIST_FILE = YES;
				INFOPLIST_FILE = ConvertAgoraAudioToAVAudioAssetWriterFormat/Info.plist;
				INFOPLIST_KEY_NSCameraUsageDescription = peep;
				INFOPLIST_KEY_NSMicrophoneUsageDescription = listen;
				INFOPLIST_KEY_UIApplicationSceneManifest_Generation = YES;
				INFOPLIST_KEY_UIApplicationSupportsIndirectInputEvents = YES;
				INFOPLIST_KEY_UILaunchScreen_Generation = YES;
				INFOPLIST_KEY_UISupportedInterfaceOrientations_iPad = "UIInterfaceOrientationPortrait UIInterfaceOrientationPortraitUpsideDown UIInterfaceOrientationLandscapeLeft UIInterfaceOrientationLandscapeRight";
				INFOPLIST_KEY_UISupportedInterfaceOrientations_iPhone = "UIInterfaceOrientationPortrait UIInterfaceOrientationLandscapeLeft UIInterfaceOrientationLandscapeRight";
				LD_RUNPATH_SEARCH_PATHS = (
					"$(inherited)",
					"@executable_path/Frameworks",
				);
				MARKETING_VERSION = 1.0;
				PRODUCT_BUNDLE_IDENTIFIER = com.shauncodes.ConvertAgoraAudioToAVAudioAssetWriterFormat;
				PRODUCT_NAME = "$(TARGET_NAME)";
				SWIFT_EMIT_LOC_STRINGS = YES;
				SWIFT_VERSION = 5.0;
				TARGETED_DEVICE_FAMILY = "1,2";
			};
			name = Release;
		};
/* End XCBuildConfiguration section */

/* Begin XCConfigurationList section */
		EFA6480729DE0EEC00A0B451 /* Build configuration list for PBXProject "ConvertAgoraAudioToAVAudioAssetWriterFormat" */ = {
			isa = XCConfigurationList;
			buildConfigurations = (
				EFA6481829DE0EEE00A0B451 /* Debug */,
				EFA6481929DE0EEE00A0B451 /* Release */,
			);
			defaultConfigurationIsVisible = 0;
			defaultConfigurationName = Release;
		};
		EFA6481A29DE0EEE00A0B451 /* Build configuration list for PBXNativeTarget "ConvertAgoraAudioToAVAudioAssetWriterFormat" */ = {
			isa = XCConfigurationList;
			buildConfigurations = (
				EFA6481B29DE0EEE00A0B451 /* Debug */,
				EFA6481C29DE0EEE00A0B451 /* Release */,
			);
			defaultConfigurationIsVisible = 0;
			defaultConfigurationName = Release;
		};
/* End XCConfigurationList section */

/* Begin XCRemoteSwiftPackageReference section */
		EFA6481D29DE0FA400A0B451 /* XCRemoteSwiftPackageReference "AgoraRtcEngine_iOS" */ = {
			isa = XCRemoteSwiftPackageReference;
			repositoryURL = "https://github.com/AgoraIO/AgoraRtcEngine_iOS";
			requirement = {
				kind = upToNextMajorVersion;
				minimumVersion = 4.0.0;
			};
		};
/* End XCRemoteSwiftPackageReference section */

/* Begin XCSwiftPackageProductDependency section */
		EFA6481E29DE0FA400A0B451 /* RtcBasic */ = {
			isa = XCSwiftPackageProductDependency;
			package = EFA6481D29DE0FA400A0B451 /* XCRemoteSwiftPackageReference "AgoraRtcEngine_iOS" */;
			productName = RtcBasic;
		};
		EFA6482029DE0FA400A0B451 /* SpatialAudio */ = {
			isa = XCSwiftPackageProductDependency;
			package = EFA6481D29DE0FA400A0B451 /* XCRemoteSwiftPackageReference "AgoraRtcEngine_iOS" */;
			productName = SpatialAudio;
		};
/* End XCSwiftPackageProductDependency section */
	};
	rootObject = EFA6480429DE0EEC00A0B451 /* Project object */;
}
